
Microsoft Visual Studio Solution File, Format Version 12.00
# Visual Studio Version 17
VisualStudioVersion = 17.14.36623.8 d17.14
MinimumVisualStudioVersion = 10.0.40219.1
Project("{FAE04EC0-301F-11D3-BF4B-00C04F79EFBC}") = "LipometryAppAPI", "LipometryAppAPI.csproj", "{5E257920-910F-4C68-9DD1-F51321AB8D6C}"
EndProject
Global
	GlobalSection(SolutionConfigurationPlatforms) = preSolution
		Debug|Any CPU = Debug|Any CPU
		Release|Any CPU = Release|Any CPU
	EndGlobalSection
	GlobalSection(ProjectConfigurationPlatforms) = postSolution
		{5E257920-910F-4C68-9DD1-F51321AB8D6C}.Debug|Any CPU.ActiveCfg = Debug|Any CPU
		{5E257920-910F-4C68-9DD1-F51321AB8D6C}.Debug|Any CPU.Build.0 = Debug|Any CPU
		{5E257920-910F-4C68-9DD1-F51321AB8D6C}.Release|Any CPU.ActiveCfg = Release|Any CPU
		{5E257920-910F-4C68-9DD1-F51321AB8D6C}.Release|Any CPU.Build.0 = Release|Any CPU
	EndGlobalSection
	GlobalSection(SolutionProperties) = preSolution
		HideSolutionNode = FALSE
	EndGlobalSection
	GlobalSection(ExtensibilityGlobals) = postSolution
		SolutionGuid = {32276853-0226-4C6C-9B97-3F03DF81A6F5}
	EndGlobalSection
EndGlobal
